// !$*UTF8*$!
{
	archiveVersion = 1;
	classes = {
	};
	objectVersion = 46;
	objects = {

/* Begin PBXBuildFile section */
		FA1747741B603ED30029F05E /* AppDelegate.swift in Sources */ = {isa = PBXBuildFile; fileRef = FA1747731B603ED30029F05E /* AppDelegate.swift */; };
		FA17477B1B603ED30029F05E /* Main.storyboard in Resources */ = {isa = PBXBuildFile; fileRef = FA1747791B603ED30029F05E /* Main.storyboard */; };
		FA17477D1B603ED30029F05E /* Images.xcassets in Resources */ = {isa = PBXBuildFile; fileRef = FA17477C1B603ED30029F05E /* Images.xcassets */; };
		FA1747801B603ED30029F05E /* LaunchScreen.xib in Resources */ = {isa = PBXBuildFile; fileRef = FA17477E1B603ED30029F05E /* LaunchScreen.xib */; };
		FA17478C1B603ED30029F05E /* BirdievaneTests.swift in Sources */ = {isa = PBXBuildFile; fileRef = FA17478B1B603ED30029F05E /* BirdievaneTests.swift */; };
		FA9C11751B6040C900761E94 /* Bag.swift in Sources */ = {isa = PBXBuildFile; fileRef = FA9C11741B6040C900761E94 /* Bag.swift */; };
		FA9C11771B6040F600761E94 /* Club.swift in Sources */ = {isa = PBXBuildFile; fileRef = FA9C11761B6040F600761E94 /* Club.swift */; };
		FA9C11791B60412D00761E94 /* AddClubViewController.swift in Sources */ = {isa = PBXBuildFile; fileRef = FA9C11781B60412D00761E94 /* AddClubViewController.swift */; };
		FA9C117B1B60414900761E94 /* BagViewController.swift in Sources */ = {isa = PBXBuildFile; fileRef = FA9C117A1B60414900761E94 /* BagViewController.swift */; };
		FA9C117D1B60433700761E94 /* DismissSegue.swift in Sources */ = {isa = PBXBuildFile; fileRef = FA9C117C1B60433700761E94 /* DismissSegue.swift */; };
		FA9C117F1B60446E00761E94 /* WindViewController.swift in Sources */ = {isa = PBXBuildFile; fileRef = FA9C117E1B60446E00761E94 /* WindViewController.swift */; };
		FA9C11811B60485E00761E94 /* Wind.swift in Sources */ = {isa = PBXBuildFile; fileRef = FA9C11801B60485E00761E94 /* Wind.swift */; };
		FA9C11831B6049EF00761E94 /* Conds.swift in Sources */ = {isa = PBXBuildFile; fileRef = FA9C11821B6049EF00761E94 /* Conds.swift */; };
		FA9C11851B6062B100761E94 /* CalculatorViewController.swift in Sources */ = {isa = PBXBuildFile; fileRef = FA9C11841B6062B100761E94 /* CalculatorViewController.swift */; };
		FABCECCD1B7052DC00DA04AF /* EditClubViewController.swift in Sources */ = {isa = PBXBuildFile; fileRef = FABCECCC1B7052DC00DA04AF /* EditClubViewController.swift */; };
/* End PBXBuildFile section */

/* Begin PBXContainerItemProxy section */
		FA1747861B603ED30029F05E /* PBXContainerItemProxy */ = {
			isa = PBXContainerItemProxy;
			containerPortal = FA1747661B603ED30029F05E /* Project object */;
			proxyType = 1;
			remoteGlobalIDString = FA17476D1B603ED30029F05E;
			remoteInfo = Birdievane;
		};
/* End PBXContainerItemProxy section */

/* Begin PBXFileReference section */
		FA17476E1B603ED30029F05E /* Birdievane.app */ = {isa = PBXFileReference; explicitFileType = wrapper.application; includeInIndex = 0; path = Birdievane.app; sourceTree = BUILT_PRODUCTS_DIR; };
		FA1747721B603ED30029F05E /* Info.plist */ = {isa = PBXFileReference; lastKnownFileType = text.plist.xml; path = Info.plist; sourceTree = "<group>"; };
		FA1747731B603ED30029F05E /* AppDelegate.swift */ = {isa = PBXFileReference; lastKnownFileType = sourcecode.swift; path = AppDelegate.swift; sourceTree = "<group>"; };
		FA17477A1B603ED30029F05E /* Base */ = {isa = PBXFileReference; lastKnownFileType = file.storyboard; name = Base; path = Base.lproj/Main.storyboard; sourceTree = "<group>"; };
		FA17477C1B603ED30029F05E /* Images.xcassets */ = {isa = PBXFileReference; lastKnownFileType = folder.assetcatalog; path = Images.xcassets; sourceTree = "<group>"; };
		FA17477F1B603ED30029F05E /* Base */ = {isa = PBXFileReference; lastKnownFileType = file.xib; name = Base; path = Base.lproj/LaunchScreen.xib; sourceTree = "<group>"; };
		FA1747851B603ED30029F05E /* BirdievaneTests.xctest */ = {isa = PBXFileReference; explicitFileType = wrapper.cfbundle; includeInIndex = 0; path = BirdievaneTests.xctest; sourceTree = BUILT_PRODUCTS_DIR; };
		FA17478A1B603ED30029F05E /* Info.plist */ = {isa = PBXFileReference; lastKnownFileType = text.plist.xml; path = Info.plist; sourceTree = "<group>"; };
		FA17478B1B603ED30029F05E /* BirdievaneTests.swift */ = {isa = PBXFileReference; lastKnownFileType = sourcecode.swift; path = BirdievaneTests.swift; sourceTree = "<group>"; };
		FA9C11741B6040C900761E94 /* Bag.swift */ = {isa = PBXFileReference; fileEncoding = 4; lastKnownFileType = sourcecode.swift; name = Bag.swift; path = ../Bag.swift; sourceTree = "<group>"; };
		FA9C11761B6040F600761E94 /* Club.swift */ = {isa = PBXFileReference; fileEncoding = 4; lastKnownFileType = sourcecode.swift; name = Club.swift; path = ../Club.swift; sourceTree = "<group>"; };
		FA9C11781B60412D00761E94 /* AddClubViewController.swift */ = {isa = PBXFileReference; fileEncoding = 4; lastKnownFileType = sourcecode.swift; name = AddClubViewController.swift; path = ../AddClubViewController.swift; sourceTree = "<group>"; };
		FA9C117A1B60414900761E94 /* BagViewController.swift */ = {isa = PBXFileReference; fileEncoding = 4; lastKnownFileType = sourcecode.swift; path = BagViewController.swift; sourceTree = "<group>"; };
		FA9C117C1B60433700761E94 /* DismissSegue.swift */ = {isa = PBXFileReference; fileEncoding = 4; lastKnownFileType = sourcecode.swift; path = DismissSegue.swift; sourceTree = "<group>"; };
		FA9C117E1B60446E00761E94 /* WindViewController.swift */ = {isa = PBXFileReference; fileEncoding = 4; lastKnownFileType = sourcecode.swift; path = WindViewController.swift; sourceTree = "<group>"; };
		FA9C11801B60485E00761E94 /* Wind.swift */ = {isa = PBXFileReference; fileEncoding = 4; lastKnownFileType = sourcecode.swift; path = Wind.swift; sourceTree = "<group>"; };
		FA9C11821B6049EF00761E94 /* Conds.swift */ = {isa = PBXFileReference; fileEncoding = 4; lastKnownFileType = sourcecode.swift; path = Conds.swift; sourceTree = "<group>"; };
		FA9C11841B6062B100761E94 /* CalculatorViewController.swift */ = {isa = PBXFileReference; fileEncoding = 4; lastKnownFileType = sourcecode.swift; path = CalculatorViewController.swift; sourceTree = "<group>"; };
		FABCECCC1B7052DC00DA04AF /* EditClubViewController.swift */ = {isa = PBXFileReference; fileEncoding = 4; lastKnownFileType = sourcecode.swift; path = EditClubViewController.swift; sourceTree = "<group>"; };
/* End PBXFileReference section */

/* Begin PBXFrameworksBuildPhase section */
		FA17476B1B603ED30029F05E /* Frameworks */ = {
			isa = PBXFrameworksBuildPhase;
			buildActionMask = 2147483647;
			files = (
			);
			runOnlyForDeploymentPostprocessing = 0;
		};
		FA1747821B603ED30029F05E /* Frameworks */ = {
			isa = PBXFrameworksBuildPhase;
			buildActionMask = 2147483647;
			files = (
			);
			runOnlyForDeploymentPostprocessing = 0;
		};
/* End PBXFrameworksBuildPhase section */

/* Begin PBXGroup section */
		FA1747651B603ED30029F05E = {
			isa = PBXGroup;
			children = (
				FA1747701B603ED30029F05E /* Birdievane */,
				FA1747881B603ED30029F05E /* BirdievaneTests */,
				FA17476F1B603ED30029F05E /* Products */,
			);
			sourceTree = "<group>";
		};
		FA17476F1B603ED30029F05E /* Products */ = {
			isa = PBXGroup;
			children = (
				FA17476E1B603ED30029F05E /* Birdievane.app */,
				FA1747851B603ED30029F05E /* BirdievaneTests.xctest */,
			);
			name = Products;
			sourceTree = "<group>";
		};
		FA1747701B603ED30029F05E /* Birdievane */ = {
			isa = PBXGroup;
			children = (
				FA1747731B603ED30029F05E /* AppDelegate.swift */,
				FA9C11781B60412D00761E94 /* AddClubViewController.swift */,
				FA9C117A1B60414900761E94 /* BagViewController.swift */,
				FA9C11841B6062B100761E94 /* CalculatorViewController.swift */,
				FABCECCC1B7052DC00DA04AF /* EditClubViewController.swift */,
				FA9C117E1B60446E00761E94 /* WindViewController.swift */,
				FA9C11741B6040C900761E94 /* Bag.swift */,
				FA9C11821B6049EF00761E94 /* Conds.swift */,
				FA9C11761B6040F600761E94 /* Club.swift */,
				FA9C11801B60485E00761E94 /* Wind.swift */,
				FA1747791B603ED30029F05E /* Main.storyboard */,
				FA9C117C1B60433700761E94 /* DismissSegue.swift */,
				FA17477C1B603ED30029F05E /* Images.xcassets */,
				FA17477E1B603ED30029F05E /* LaunchScreen.xib */,
				FA1747711B603ED30029F05E /* Supporting Files */,
			);
			path = Birdievane;
			sourceTree = "<group>";
		};
		FA1747711B603ED30029F05E /* Supporting Files */ = {
			isa = PBXGroup;
			children = (
				FA1747721B603ED30029F05E /* Info.plist */,
			);
			name = "Supporting Files";
			sourceTree = "<group>";
		};
		FA1747881B603ED30029F05E /* BirdievaneTests */ = {
			isa = PBXGroup;
			children = (
				FA17478B1B603ED30029F05E /* BirdievaneTests.swift */,
				FA1747891B603ED30029F05E /* Supporting Files */,
			);
			path = BirdievaneTests;
			sourceTree = "<group>";
		};
		FA1747891B603ED30029F05E /* Supporting Files */ = {
			isa = PBXGroup;
			children = (
				FA17478A1B603ED30029F05E /* Info.plist */,
			);
			name = "Supporting Files";
			sourceTree = "<group>";
		};
/* End PBXGroup section */

/* Begin PBXNativeTarget section */
		FA17476D1B603ED30029F05E /* Birdievane */ = {
			isa = PBXNativeTarget;
			buildConfigurationList = FA17478F1B603ED30029F05E /* Build configuration list for PBXNativeTarget "Birdievane" */;
			buildPhases = (
				FA17476A1B603ED30029F05E /* Sources */,
				FA17476B1B603ED30029F05E /* Frameworks */,
				FA17476C1B603ED30029F05E /* Resources */,
			);
			buildRules = (
			);
			dependencies = (
			);
			name = Birdievane;
			productName = Birdievane;
			productReference = FA17476E1B603ED30029F05E /* Birdievane.app */;
			productType = "com.apple.product-type.application";
		};
		FA1747841B603ED30029F05E /* BirdievaneTests */ = {
			isa = PBXNativeTarget;
			buildConfigurationList = FA1747921B603ED30029F05E /* Build configuration list for PBXNativeTarget "BirdievaneTests" */;
			buildPhases = (
				FA1747811B603ED30029F05E /* Sources */,
				FA1747821B603ED30029F05E /* Frameworks */,
				FA1747831B603ED30029F05E /* Resources */,
			);
			buildRules = (
			);
			dependencies = (
				FA1747871B603ED30029F05E /* PBXTargetDependency */,
			);
			name = BirdievaneTests;
			productName = BirdievaneTests;
			productReference = FA1747851B603ED30029F05E /* BirdievaneTests.xctest */;
			productType = "com.apple.product-type.bundle.unit-test";
		};
/* End PBXNativeTarget section */

/* Begin PBXProject section */
		FA1747661B603ED30029F05E /* Project object */ = {
			isa = PBXProject;
			attributes = {
				LastUpgradeCheck = 0620;
				ORGANIZATIONNAME = "Alex Pouschine";
				TargetAttributes = {
					FA17476D1B603ED30029F05E = {
						CreatedOnToolsVersion = 6.2;
					};
					FA1747841B603ED30029F05E = {
						CreatedOnToolsVersion = 6.2;
						TestTargetID = FA17476D1B603ED30029F05E;
					};
				};
			};
			buildConfigurationList = FA1747691B603ED30029F05E /* Build configuration list for PBXProject "Birdievane" */;
			compatibilityVersion = "Xcode 3.2";
			developmentRegion = English;
			hasScannedForEncodings = 0;
			knownRegions = (
				en,
				Base,
			);
			mainGroup = FA1747651B603ED30029F05E;
			productRefGroup = FA17476F1B603ED30029F05E /* Products */;
			projectDirPath = "";
			projectRoot = "";
			targets = (
				FA17476D1B603ED30029F05E /* Birdievane */,
				FA1747841B603ED30029F05E /* BirdievaneTests */,
			);
		};
/* End PBXProject section */

/* Begin PBXResourcesBuildPhase section */
		FA17476C1B603ED30029F05E /* Resources */ = {
			isa = PBXResourcesBuildPhase;
			buildActionMask = 2147483647;
			files = (
				FA17477B1B603ED30029F05E /* Main.storyboard in Resources */,
				FA1747801B603ED30029F05E /* LaunchScreen.xib in Resources */,
				FA17477D1B603ED30029F05E /* Images.xcassets in Resources */,
			);
			runOnlyForDeploymentPostprocessing = 0;
		};
		FA1747831B603ED30029F05E /* Resources */ = {
			isa = PBXResourcesBuildPhase;
			buildActionMask = 2147483647;
			files = (
			);
			runOnlyForDeploymentPostprocessing = 0;
		};
/* End PBXResourcesBuildPhase section */

/* Begin PBXSourcesBuildPhase section */
		FA17476A1B603ED30029F05E /* Sources */ = {
			isa = PBXSourcesBuildPhase;
			buildActionMask = 2147483647;
			files = (
				FA9C11851B6062B100761E94 /* CalculatorViewController.swift in Sources */,
				FA9C11791B60412D00761E94 /* AddClubViewController.swift in Sources */,
				FA9C11751B6040C900761E94 /* Bag.swift in Sources */,
				FA9C11771B6040F600761E94 /* Club.swift in Sources */,
				FA9C117B1B60414900761E94 /* BagViewController.swift in Sources */,
				FA9C117D1B60433700761E94 /* DismissSegue.swift in Sources */,
				FABCECCD1B7052DC00DA04AF /* EditClubViewController.swift in Sources */,
				FA9C117F1B60446E00761E94 /* WindViewController.swift in Sources */,
				FA1747741B603ED30029F05E /* AppDelegate.swift in Sources */,
				FA9C11831B6049EF00761E94 /* Conds.swift in Sources */,
				FA9C11811B60485E00761E94 /* Wind.swift in Sources */,
			);
			runOnlyForDeploymentPostprocessing = 0;
		};
		FA1747811B603ED30029F05E /* Sources */ = {
			isa = PBXSourcesBuildPhase;
			buildActionMask = 2147483647;
			files = (
				FA17478C1B603ED30029F05E /* BirdievaneTests.swift in Sources */,
			);
			runOnlyForDeploymentPostprocessing = 0;
		};
/* End PBXSourcesBuildPhase section */

/* Begin PBXTargetDependency section */
		FA1747871B603ED30029F05E /* PBXTargetDependency */ = {
			isa = PBXTargetDependency;
			target = FA17476D1B603ED30029F05E /* Birdievane */;
			targetProxy = FA1747861B603ED30029F05E /* PBXContainerItemProxy */;
		};
/* End PBXTargetDependency section */

/* Begin PBXVariantGroup section */
		FA1747791B603ED30029F05E /* Main.storyboard */ = {
			isa = PBXVariantGroup;
			children = (
				FA17477A1B603ED30029F05E /* Base */,
			);
			name = Main.storyboard;
			sourceTree = "<group>";
		};
		FA17477E1B603ED30029F05E /* LaunchScreen.xib */ = {
			isa = PBXVariantGroup;
			children = (
				FA17477F1B603ED30029F05E /* Base */,
			);
			name = LaunchScreen.xib;
			sourceTree = "<group>";
		};
/* End PBXVariantGroup section */

/* Begin XCBuildConfiguration section */
		FA17478D1B603ED30029F05E /* Debug */ = {
			isa = XCBuildConfiguration;
			buildSettings = {
				ALWAYS_SEARCH_USER_PATHS = NO;
				CLANG_CXX_LANGUAGE_STANDARD = "gnu++0x";
				CLANG_CXX_LIBRARY = "libc++";
				CLANG_ENABLE_MODULES = YES;
				CLANG_ENABLE_OBJC_ARC = YES;
				CLANG_WARN_BOOL_CONVERSION = YES;
				CLANG_WARN_CONSTANT_CONVERSION = YES;
				CLANG_WARN_DIRECT_OBJC_ISA_USAGE = YES_ERROR;
				CLANG_WARN_EMPTY_BODY = YES;
				CLANG_WARN_ENUM_CONVERSION = YES;
				CLANG_WARN_INT_CONVERSION = YES;
				CLANG_WARN_OBJC_ROOT_CLASS = YES_ERROR;
				CLANG_WARN_UNREACHABLE_CODE = YES;
				CLANG_WARN__DUPLICATE_METHOD_MATCH = YES;
				"CODE_SIGN_IDENTITY[sdk=iphoneos*]" = "iPhone Developer";
				COPY_PHASE_STRIP = NO;
				ENABLE_STRICT_OBJC_MSGSEND = YES;
				GCC_C_LANGUAGE_STANDARD = gnu99;
				GCC_DYNAMIC_NO_PIC = NO;
				GCC_OPTIMIZATION_LEVEL = 0;
				GCC_PREPROCESSOR_DEFINITIONS = (
					"DEBUG=1",
					"$(inherited)",
				);
				GCC_SYMBOLS_PRIVATE_EXTERN = NO;
				GCC_WARN_64_TO_32_BIT_CONVERSION = YES;
				GCC_WARN_ABOUT_RETURN_TYPE = YES_ERROR;
				GCC_WARN_UNDECLARED_SELECTOR = YES;
				GCC_WARN_UNINITIALIZED_AUTOS = YES_AGGRESSIVE;
				GCC_WARN_UNUSED_FUNCTION = YES;
				GCC_WARN_UNUSED_VARIABLE = YES;
				IPHONEOS_DEPLOYMENT_TARGET = 8.2;
				MTL_ENABLE_DEBUG_INFO = YES;
				ONLY_ACTIVE_ARCH = YES;
				SDKROOT = iphoneos;
				SWIFT_OPTIMIZATION_LEVEL = "-Onone";
				TARGETED_DEVICE_FAMILY = "1,2";
			};
			name = Debug;
		};
		FA17478E1B603ED30029F05E /* Release */ = {
			isa = XCBuildConfiguration;
			buildSettings = {
				ALWAYS_SEARCH_USER_PATHS = NO;
				CLANG_CXX_LANGUAGE_STANDARD = "gnu++0x";
				CLANG_CXX_LIBRARY = "libc++";
				CLANG_ENABLE_MODULES = YES;
				CLANG_ENABLE_OBJC_ARC = YES;
				CLANG_WARN_BOOL_CONVERSION = YES;
				CLANG_WARN_CONSTANT_CONVERSION = YES;
				CLANG_WARN_DIRECT_OBJC_ISA_USAGE = YES_ERROR;
				CLANG_WARN_EMPTY_BODY = YES;
				CLANG_WARN_ENUM_CONVERSION = YES;
				CLANG_WARN_INT_CONVERSION = YES;
				CLANG_WARN_OBJC_ROOT_CLASS = YES_ERROR;
				CLANG_WARN_UNREACHABLE_CODE = YES;
				CLANG_WARN__DUPLICATE_METHOD_MATCH = YES;
				"CODE_SIGN_IDENTITY[sdk=iphoneos*]" = "iPhone Developer";
				COPY_PHASE_STRIP = NO;
				ENABLE_NS_ASSERTIONS = NO;
				ENABLE_STRICT_OBJC_MSGSEND = YES;
				GCC_C_LANGUAGE_STANDARD = gnu99;
				GCC_WARN_64_TO_32_BIT_CONVERSION = YES;
				GCC_WARN_ABOUT_RETURN_TYPE = YES_ERROR;
				GCC_WARN_UNDECLARED_SELECTOR = YES;
				GCC_WARN_UNINITIALIZED_AUTOS = YES_AGGRESSIVE;
				GCC_WARN_UNUSED_FUNCTION = YES;
				GCC_WARN_UNUSED_VARIABLE = YES;
				IPHONEOS_DEPLOYMENT_TARGET = 8.2;
				MTL_ENABLE_DEBUG_INFO = NO;
				SDKROOT = iphoneos;
				TARGETED_DEVICE_FAMILY = "1,2";
				VALIDATE_PRODUCT = YES;
			};
			name = Release;
		};
		FA1747901B603ED30029F05E /* Debug */ = {
			isa = XCBuildConfiguration;
			buildSettings = {
				ASSETCATALOG_COMPILER_APPICON_NAME = AppIcon;
				INFOPLIST_FILE = Birdievane/Info.plist;
				LD_RUNPATH_SEARCH_PATHS = "$(inherited) @executable_path/Frameworks";
				PRODUCT_NAME = "$(TARGET_NAME)";
			};
			name = Debug;
		};
		FA1747911B603ED30029F05E /* Release */ = {
			isa = XCBuildConfiguration;
			buildSettings = {
				ASSETCATALOG_COMPILER_APPICON_NAME = AppIcon;
				INFOPLIST_FILE = Birdievane/Info.plist;
				LD_RUNPATH_SEARCH_PATHS = "$(inherited) @executable_path/Frameworks";
				PRODUCT_NAME = "$(TARGET_NAME)";
			};
			name = Release;
		};
		FA1747931B603ED30029F05E /* Debug */ = {
			isa = XCBuildConfiguration;
			buildSettings = {
				BUNDLE_LOADER = "$(TEST_HOST)";
				FRAMEWORK_SEARCH_PATHS = (
					"$(SDKROOT)/Developer/Library/Frameworks",
					"$(inherited)",
				);
				GCC_PREPROCESSOR_DEFINITIONS = (
					"DEBUG=1",
					"$(inherited)",
				);
				INFOPLIST_FILE = BirdievaneTests/Info.plist;
				LD_RUNPATH_SEARCH_PATHS = "$(inherited) @executable_path/Frameworks @loader_path/Frameworks";
				PRODUCT_NAME = "$(TARGET_NAME)";
				TEST_HOST = "$(BUILT_PRODUCTS_DIR)/Birdievane.app/Birdievane";
			};
			name = Debug;
		};
		FA1747941B603ED30029F05E /* Release */ = {
			isa = XCBuildConfiguration;
			buildSettings = {
				BUNDLE_LOADER = "$(TEST_HOST)";
				FRAMEWORK_SEARCH_PATHS = (
					"$(SDKROOT)/Developer/Library/Frameworks",
					"$(inherited)",
				);
				INFOPLIST_FILE = BirdievaneTests/Info.plist;
				LD_RUNPATH_SEARCH_PATHS = "$(inherited) @executable_path/Frameworks @loader_path/Frameworks";
				PRODUCT_NAME = "$(TARGET_NAME)";
				TEST_HOST = "$(BUILT_PRODUCTS_DIR)/Birdievane.app/Birdievane";
			};
			name = Release;
		};
/* End XCBuildConfiguration section */

/* Begin XCConfigurationList section */
		FA1747691B603ED30029F05E /* Build configuration list for PBXProject "Birdievane" */ = {
			isa = XCConfigurationList;
			buildConfigurations = (
				FA17478D1B603ED30029F05E /* Debug */,
				FA17478E1B603ED30029F05E /* Release */,
			);
			defaultConfigurationIsVisible = 0;
			defaultConfigurationName = Release;
		};
		FA17478F1B603ED30029F05E /* Build configuration list for PBXNativeTarget "Birdievane" */ = {
			isa = XCConfigurationList;
			buildConfigurations = (
				FA1747901B603ED30029F05E /* Debug */,
				FA1747911B603ED30029F05E /* Release */,
			);
			defaultConfigurationIsVisible = 0;
			defaultConfigurationName = Release;
		};
		FA1747921B603ED30029F05E /* Build configuration list for PBXNativeTarget "BirdievaneTests" */ = {
			isa = XCConfigurationList;
			buildConfigurations = (
				FA1747931B603ED30029F05E /* Debug */,
				FA1747941B603ED30029F05E /* Release */,
			);
			defaultConfigurationIsVisible = 0;
			defaultConfigurationName = Release;
		};
/* End XCConfigurationList section */
	};
	rootObject = FA1747661B603ED30029F05E /* Project object */;
}
